// !$*UTF8*$!
{
	archiveVersion = 1;
	classes = {
	};
	objectVersion = 46;
	objects = {

/* Begin PBXBuildFile section */
		22D217661BEF8882009451A5 /* AppDelegate.swift in Sources */ = {isa = PBXBuildFile; fileRef = 22D217631BEF8882009451A5 /* AppDelegate.swift */; };
		22D217671BEF8882009451A5 /* ChecklistItem.swift in Sources */ = {isa = PBXBuildFile; fileRef = 22D217641BEF8882009451A5 /* ChecklistItem.swift */; };
		22D217681BEF8882009451A5 /* ChecklistsViewController.swift in Sources */ = {isa = PBXBuildFile; fileRef = 22D217651BEF8882009451A5 /* ChecklistsViewController.swift */; };
		22D2176C1BEF88C4009451A5 /* Assets.xcassets in Resources */ = {isa = PBXBuildFile; fileRef = 22D217691BEF88C4009451A5 /* Assets.xcassets */; };
		22D2176D1BEF88C4009451A5 /* LaunchScreen.storyboard in Resources */ = {isa = PBXBuildFile; fileRef = 22D2176A1BEF88C4009451A5 /* LaunchScreen.storyboard */; };
		22D2176E1BEF88C4009451A5 /* Main.storyboard in Resources */ = {isa = PBXBuildFile; fileRef = 22D2176B1BEF88C4009451A5 /* Main.storyboard */; };
		22D217721BEF890E009451A5 /* Info.plist in Resources */ = {isa = PBXBuildFile; fileRef = 22D217711BEF890E009451A5 /* Info.plist */; };
		22D217761BEF897A009451A5 /* Default-568h@2x.png in Resources */ = {isa = PBXBuildFile; fileRef = 22D217751BEF897A009451A5 /* Default-568h@2x.png */; };
		22D217781BF08B02009451A5 /* ItemDetailViewController.swift in Sources */ = {isa = PBXBuildFile; fileRef = 22D217771BF08B02009451A5 /* ItemDetailViewController.swift */; };
		22D2177C1BF34FDA009451A5 /* AllListsViewController.swift in Sources */ = {isa = PBXBuildFile; fileRef = 22D2177B1BF34FD9009451A5 /* AllListsViewController.swift */; };
		22D2177E1BF3583D009451A5 /* Checklist.swift in Sources */ = {isa = PBXBuildFile; fileRef = 22D2177D1BF3583D009451A5 /* Checklist.swift */; };
		22D217801BF369D8009451A5 /* ListDetailViewController.swift in Sources */ = {isa = PBXBuildFile; fileRef = 22D2177F1BF369D7009451A5 /* ListDetailViewController.swift */; };
		22D217821BF3956F009451A5 /* DataModel.swift in Sources */ = {isa = PBXBuildFile; fileRef = 22D217811BF3956F009451A5 /* DataModel.swift */; };
/* End PBXBuildFile section */

/* Begin PBXFileReference section */
		22D2173E1BEA6048009451A5 /* Checklists.app */ = {isa = PBXFileReference; explicitFileType = wrapper.application; includeInIndex = 0; path = Checklists.app; sourceTree = BUILT_PRODUCTS_DIR; };
		22D217631BEF8882009451A5 /* AppDelegate.swift */ = {isa = PBXFileReference; fileEncoding = 4; lastKnownFileType = sourcecode.swift; name = AppDelegate.swift; path = Code/AppDelegate.swift; sourceTree = "<group>"; };
		22D217641BEF8882009451A5 /* ChecklistItem.swift */ = {isa = PBXFileReference; fileEncoding = 4; lastKnownFileType = sourcecode.swift; name = ChecklistItem.swift; path = Code/ChecklistItem.swift; sourceTree = "<group>"; };
		22D217651BEF8882009451A5 /* ChecklistsViewController.swift */ = {isa = PBXFileReference; fileEncoding = 4; lastKnownFileType = sourcecode.swift; name = ChecklistsViewController.swift; path = Code/ChecklistsViewController.swift; sourceTree = "<group>"; };
		22D217691BEF88C4009451A5 /* Assets.xcassets */ = {isa = PBXFileReference; lastKnownFileType = folder.assetcatalog; name = Assets.xcassets; path = Resources/Assets.xcassets; sourceTree = "<group>"; };
		22D2176A1BEF88C4009451A5 /* LaunchScreen.storyboard */ = {isa = PBXFileReference; fileEncoding = 4; lastKnownFileType = file.storyboard; name = LaunchScreen.storyboard; path = Resources/LaunchScreen.storyboard; sourceTree = "<group>"; };
		22D2176B1BEF88C4009451A5 /* Main.storyboard */ = {isa = PBXFileReference; fileEncoding = 4; lastKnownFileType = file.storyboard; name = Main.storyboard; path = Resources/Main.storyboard; sourceTree = "<group>"; };
		22D217711BEF890E009451A5 /* Info.plist */ = {isa = PBXFileReference; fileEncoding = 4; lastKnownFileType = text.plist.xml; name = Info.plist; path = SupportFiles/Info.plist; sourceTree = "<group>"; };
		22D217751BEF897A009451A5 /* Default-568h@2x.png */ = {isa = PBXFileReference; lastKnownFileType = image.png; name = "Default-568h@2x.png"; path = "Resources/Default-568h@2x.png"; sourceTree = "<group>"; };
		22D217771BF08B02009451A5 /* ItemDetailViewController.swift */ = {isa = PBXFileReference; fileEncoding = 4; lastKnownFileType = sourcecode.swift; name = ItemDetailViewController.swift; path = Code/ItemDetailViewController.swift; sourceTree = "<group>"; };
		22D2177B1BF34FD9009451A5 /* AllListsViewController.swift */ = {isa = PBXFileReference; fileEncoding = 4; lastKnownFileType = sourcecode.swift; name = AllListsViewController.swift; path = Code/AllListsViewController.swift; sourceTree = "<group>"; };
		22D2177D1BF3583D009451A5 /* Checklist.swift */ = {isa = PBXFileReference; fileEncoding = 4; lastKnownFileType = sourcecode.swift; name = Checklist.swift; path = Code/Checklist.swift; sourceTree = "<group>"; };
		22D2177F1BF369D7009451A5 /* ListDetailViewController.swift */ = {isa = PBXFileReference; fileEncoding = 4; lastKnownFileType = sourcecode.swift; name = ListDetailViewController.swift; path = Code/ListDetailViewController.swift; sourceTree = "<group>"; };
		22D217811BF3956F009451A5 /* DataModel.swift */ = {isa = PBXFileReference; fileEncoding = 4; lastKnownFileType = sourcecode.swift; name = DataModel.swift; path = Code/DataModel.swift; sourceTree = "<group>"; };
/* End PBXFileReference section */

/* Begin PBXFrameworksBuildPhase section */
		22D2173B1BEA6048009451A5 /* Frameworks */ = {
			isa = PBXFrameworksBuildPhase;
			buildActionMask = 2147483647;
			files = (
			);
			runOnlyForDeploymentPostprocessing = 0;
		};
/* End PBXFrameworksBuildPhase section */

/* Begin PBXGroup section */
		22D217351BEA6048009451A5 = {
			isa = PBXGroup;
			children = (
				22D217401BEA6048009451A5 /* Checklists */,
				22D2173F1BEA6048009451A5 /* Products */,
			);
			sourceTree = "<group>";
		};
		22D2173F1BEA6048009451A5 /* Products */ = {
			isa = PBXGroup;
			children = (
				22D2173E1BEA6048009451A5 /* Checklists.app */,
			);
			name = Products;
			sourceTree = "<group>";
		};
		22D217401BEA6048009451A5 /* Checklists */ = {
			isa = PBXGroup;
			children = (
				22D217621BEF884F009451A5 /* Code */,
				22D217531BEA6DA4009451A5 /* Resources */,
				22D217541BEA6DB5009451A5 /* supportFiles */,
			);
			path = Checklists;
			sourceTree = "<group>";
		};
		22D217531BEA6DA4009451A5 /* Resources */ = {
			isa = PBXGroup;
			children = (
				22D217751BEF897A009451A5 /* Default-568h@2x.png */,
				22D217691BEF88C4009451A5 /* Assets.xcassets */,
				22D2176A1BEF88C4009451A5 /* LaunchScreen.storyboard */,
				22D2176B1BEF88C4009451A5 /* Main.storyboard */,
			);
			name = Resources;
			sourceTree = "<group>";
		};
		22D217541BEA6DB5009451A5 /* supportFiles */ = {
			isa = PBXGroup;
			children = (
				22D217711BEF890E009451A5 /* Info.plist */,
			);
			name = supportFiles;
			sourceTree = "<group>";
		};
		22D217621BEF884F009451A5 /* Code */ = {
			isa = PBXGroup;
			children = (
				22D217631BEF8882009451A5 /* AppDelegate.swift */,
				22D217811BF3956F009451A5 /* DataModel.swift */,
				22D217641BEF8882009451A5 /* ChecklistItem.swift */,
				22D217651BEF8882009451A5 /* ChecklistsViewController.swift */,
				22D217771BF08B02009451A5 /* ItemDetailViewController.swift */,
				22D2177B1BF34FD9009451A5 /* AllListsViewController.swift */,
				22D2177D1BF3583D009451A5 /* Checklist.swift */,
				22D2177F1BF369D7009451A5 /* ListDetailViewController.swift */,
			);
			name = Code;
			sourceTree = "<group>";
		};
/* End PBXGroup section */

/* Begin PBXNativeTarget section */
		22D2173D1BEA6048009451A5 /* Checklists */ = {
			isa = PBXNativeTarget;
			buildConfigurationList = 22D217501BEA6049009451A5 /* Build configuration list for PBXNativeTarget "Checklists" */;
			buildPhases = (
				22D2173A1BEA6048009451A5 /* Sources */,
				22D2173B1BEA6048009451A5 /* Frameworks */,
				22D2173C1BEA6048009451A5 /* Resources */,
			);
			buildRules = (
			);
			dependencies = (
			);
			name = Checklists;
			productName = Checklists;
			productReference = 22D2173E1BEA6048009451A5 /* Checklists.app */;
			productType = "com.apple.product-type.application";
		};
/* End PBXNativeTarget section */

/* Begin PBXProject section */
		22D217361BEA6048009451A5 /* Project object */ = {
			isa = PBXProject;
			attributes = {
				LastSwiftUpdateCheck = 0710;
				LastUpgradeCheck = 0710;
				ORGANIZATIONNAME = Issac;
				TargetAttributes = {
					22D2173D1BEA6048009451A5 = {
						CreatedOnToolsVersion = 7.1;
						SystemCapabilities = {
							com.apple.BackgroundModes = {
								enabled = 1;
							};
						};
					};
				};
			};
			buildConfigurationList = 22D217391BEA6048009451A5 /* Build configuration list for PBXProject "Checklists" */;
			compatibilityVersion = "Xcode 3.2";
			developmentRegion = English;
			hasScannedForEncodings = 0;
			knownRegions = (
				en,
				Base,
			);
			mainGroup = 22D217351BEA6048009451A5;
			productRefGroup = 22D2173F1BEA6048009451A5 /* Products */;
			projectDirPath = "";
			projectRoot = "";
			targets = (
				22D2173D1BEA6048009451A5 /* Checklists */,
			);
		};
/* End PBXProject section */

/* Begin PBXResourcesBuildPhase section */
		22D2173C1BEA6048009451A5 /* Resources */ = {
			isa = PBXResourcesBuildPhase;
			buildActionMask = 2147483647;
			files = (
				22D2176E1BEF88C4009451A5 /* Main.storyboard in Resources */,
				22D2176C1BEF88C4009451A5 /* Assets.xcassets in Resources */,
				22D217721BEF890E009451A5 /* Info.plist in Resources */,
				22D217761BEF897A009451A5 /* Default-568h@2x.png in Resources */,
				22D2176D1BEF88C4009451A5 /* LaunchScreen.storyboard in Resources */,
			);
			runOnlyForDeploymentPostprocessing = 0;
		};
/* End PBXResourcesBuildPhase section */

/* Begin PBXSourcesBuildPhase section */
		22D2173A1BEA6048009451A5 /* Sources */ = {
			isa = PBXSourcesBuildPhase;
			buildActionMask = 2147483647;
			files = (
				22D217661BEF8882009451A5 /* AppDelegate.swift in Sources */,
				22D217801BF369D8009451A5 /* ListDetailViewController.swift in Sources */,
				22D217781BF08B02009451A5 /* ItemDetailViewController.swift in Sources */,
				22D2177E1BF3583D009451A5 /* Checklist.swift in Sources */,
				22D217681BEF8882009451A5 /* ChecklistsViewController.swift in Sources */,
				22D217821BF3956F009451A5 /* DataModel.swift in Sources */,
				22D2177C1BF34FDA009451A5 /* AllListsViewController.swift in Sources */,
				22D217671BEF8882009451A5 /* ChecklistItem.swift in Sources */,
			);
			runOnlyForDeploymentPostprocessing = 0;
		};
/* End PBXSourcesBuildPhase section */

/* Begin XCBuildConfiguration section */
		22D2174E1BEA6049009451A5 /* Debug */ = {
			isa = XCBuildConfiguration;
			buildSettings = {
				ALWAYS_SEARCH_USER_PATHS = NO;
				CLANG_CXX_LANGUAGE_STANDARD = "gnu++0x";
				CLANG_CXX_LIBRARY = "libc++";
				CLANG_ENABLE_MODULES = YES;
				CLANG_ENABLE_OBJC_ARC = YES;
				CLANG_WARN_BOOL_CONVERSION = YES;
				CLANG_WARN_CONSTANT_CONVERSION = YES;
				CLANG_WARN_DIRECT_OBJC_ISA_USAGE = YES_ERROR;
				CLANG_WARN_EMPTY_BODY = YES;
				CLANG_WARN_ENUM_CONVERSION = YES;
				CLANG_WARN_INT_CONVERSION = YES;
				CLANG_WARN_OBJC_ROOT_CLASS = YES_ERROR;
				CLANG_WARN_UNREACHABLE_CODE = YES;
				CLANG_WARN__DUPLICATE_METHOD_MATCH = YES;
				"CODE_SIGN_IDENTITY[sdk=iphoneos*]" = "iPhone Developer";
				COPY_PHASE_STRIP = NO;
				DEBUG_INFORMATION_FORMAT = dwarf;
				ENABLE_STRICT_OBJC_MSGSEND = YES;
				ENABLE_TESTABILITY = YES;
				GCC_C_LANGUAGE_STANDARD = gnu99;
				GCC_DYNAMIC_NO_PIC = NO;
				GCC_NO_COMMON_BLOCKS = YES;
				GCC_OPTIMIZATION_LEVEL = 0;
				GCC_PREPROCESSOR_DEFINITIONS = (
					"DEBUG=1",
					"$(inherited)",
				);
				GCC_WARN_64_TO_32_BIT_CONVERSION = YES;
				GCC_WARN_ABOUT_RETURN_TYPE = YES_ERROR;
				GCC_WARN_UNDECLARED_SELECTOR = YES;
				GCC_WARN_UNINITIALIZED_AUTOS = YES_AGGRESSIVE;
				GCC_WARN_UNUSED_FUNCTION = YES;
				GCC_WARN_UNUSED_VARIABLE = YES;
				IPHONEOS_DEPLOYMENT_TARGET = 9.1;
				MTL_ENABLE_DEBUG_INFO = YES;
				ONLY_ACTIVE_ARCH = YES;
				SDKROOT = iphoneos;
				SWIFT_OPTIMIZATION_LEVEL = "-Onone";
			};
			name = Debug;
		};
		22D2174F1BEA6049009451A5 /* Release */ = {
			isa = XCBuildConfiguration;
			buildSettings = {
				ALWAYS_SEARCH_USER_PATHS = NO;
				CLANG_CXX_LANGUAGE_STANDARD = "gnu++0x";
				CLANG_CXX_LIBRARY = "libc++";
				CLANG_ENABLE_MODULES = YES;
				CLANG_ENABLE_OBJC_ARC = YES;
				CLANG_WARN_BOOL_CONVERSION = YES;
				CLANG_WARN_CONSTANT_CONVERSION = YES;
				CLANG_WARN_DIRECT_OBJC_ISA_USAGE = YES_ERROR;
				CLANG_WARN_EMPTY_BODY = YES;
				CLANG_WARN_ENUM_CONVERSION = YES;
				CLANG_WARN_INT_CONVERSION = YES;
				CLANG_WARN_OBJC_ROOT_CLASS = YES_ERROR;
				CLANG_WARN_UNREACHABLE_CODE = YES;
				CLANG_WARN__DUPLICATE_METHOD_MATCH = YES;
				"CODE_SIGN_IDENTITY[sdk=iphoneos*]" = "iPhone Developer";
				COPY_PHASE_STRIP = NO;
				DEBUG_INFORMATION_FORMAT = "dwarf-with-dsym";
				ENABLE_NS_ASSERTIONS = NO;
				ENABLE_STRICT_OBJC_MSGSEND = YES;
				GCC_C_LANGUAGE_STANDARD = gnu99;
				GCC_NO_COMMON_BLOCKS = YES;
				GCC_WARN_64_TO_32_BIT_CONVERSION = YES;
				GCC_WARN_ABOUT_RETURN_TYPE = YES_ERROR;
				GCC_WARN_UNDECLARED_SELECTOR = YES;
				GCC_WARN_UNINITIALIZED_AUTOS = YES_AGGRESSIVE;
				GCC_WARN_UNUSED_FUNCTION = YES;
				GCC_WARN_UNUSED_VARIABLE = YES;
				IPHONEOS_DEPLOYMENT_TARGET = 9.1;
				MTL_ENABLE_DEBUG_INFO = NO;
				SDKROOT = iphoneos;
				VALIDATE_PRODUCT = YES;
			};
			name = Release;
		};
		22D217511BEA6049009451A5 /* Debug */ = {
			isa = XCBuildConfiguration;
			buildSettings = {
				ASSETCATALOG_COMPILER_APPICON_NAME = AppIcon;
				CLANG_ENABLE_MODULES = YES;
				INFOPLIST_FILE = Checklists/supportFiles/Info.plist;
				LD_RUNPATH_SEARCH_PATHS = "$(inherited) @executable_path/Frameworks";
				PRODUCT_BUNDLE_IDENTIFIER = com.iyd.Issac.Checklists;
				PRODUCT_NAME = "$(TARGET_NAME)";
				SWIFT_OPTIMIZATION_LEVEL = "-Onone";
			};
			name = Debug;
		};
		22D217521BEA6049009451A5 /* Release */ = {
			isa = XCBuildConfiguration;
			buildSettings = {
				ASSETCATALOG_COMPILER_APPICON_NAME = AppIcon;
				CLANG_ENABLE_MODULES = YES;
				INFOPLIST_FILE = Checklists/supportFiles/Info.plist;
				LD_RUNPATH_SEARCH_PATHS = "$(inherited) @executable_path/Frameworks";
				PRODUCT_BUNDLE_IDENTIFIER = com.iyd.Issac.Checklists;
				PRODUCT_NAME = "$(TARGET_NAME)";
			};
			name = Release;
		};
/* End XCBuildConfiguration section */

/* Begin XCConfigurationList section */
		22D217391BEA6048009451A5 /* Build configuration list for PBXProject "Checklists" */ = {
			isa = XCConfigurationList;
			buildConfigurations = (
				22D2174E1BEA6049009451A5 /* Debug */,
				22D2174F1BEA6049009451A5 /* Release */,
			);
			defaultConfigurationIsVisible = 0;
			defaultConfigurationName = Release;
		};
		22D217501BEA6049009451A5 /* Build configuration list for PBXNativeTarget "Checklists" */ = {
			isa = XCConfigurationList;
			buildConfigurations = (
				22D217511BEA6049009451A5 /* Debug */,
				22D217521BEA6049009451A5 /* Release */,
			);
			defaultConfigurationIsVisible = 0;
		};
/* End XCConfigurationList section */
	};
	rootObject = 22D217361BEA6048009451A5 /* Project object */;
}
